
Microsoft Visual Studio Solution File, Format Version 12.00
# Visual Studio 15
VisualStudioVersion = 15.0.28307.1300
MinimumVisualStudioVersion = 10.0.40219.1
Project("{888888A0-9F3D-457C-B088-3A5042F75D52}") = "BasicProject", "BasicProject\BasicProject.pyproj", "{52DA6618-1112-4C3F-B250-2484607FABD0}"
EndProject
Global
	GlobalSection(SolutionConfigurationPlatforms) = preSolution
		Debug|Any CPU = Debug|Any CPU
		Release|Any CPU = Release|Any CPU
	EndGlobalSection
	GlobalSection(ProjectConfigurationPlatforms) = postSolution
		{52DA6618-1112-4C3F-B250-2484607FABD0}.Debug|Any CPU.ActiveCfg = Debug|Any CPU
		{52DA6618-1112-4C3F-B250-2484607FABD0}.Debug|Any CPU.Build.0 = Debug|Any CPU
		{52DA6618-1112-4C3F-B250-2484607FABD0}.Release|Any CPU.ActiveCfg = Release|Any CPU
		{52DA6618-1112-4C3F-B250-2484607FABD0}.Release|Any CPU.Build.0 = Release|Any CPU
	EndGlobalSection
	GlobalSection(SolutionProperties) = preSolution
		HideSolutionNode = FALSE
	EndGlobalSection
	GlobalSection(ExtensibilityGlobals) = postSolution
		SolutionGuid = {A3C890D7-B056-4806-B8E0-7BE7774C7FF4}
	EndGlobalSection
EndGlobal
